
Microsoft Visual Studio Solution File, Format Version 12.00
# Visual Studio Version 17
VisualStudioVersion = 17.14.36623.8
MinimumVisualStudioVersion = 10.0.40219.1
Project("{FAE04EC0-301F-11D3-BF4B-00C04F79EFBC}") = "Application.Implementation", "Application\Application.Implementation.csproj", "{B4F2F4EA-A668-4ECA-964F-DAA57FD0B0E2}"
EndProject
Project("{2150E333-8FDC-42A3-9474-1A3956D46DE8}") = "1.Presentation", "1.Presentation", "{02EA681E-C7D8-13C7-8484-4AC65E1B71E8}"
EndProject
Project("{2150E333-8FDC-42A3-9474-1A3956D46DE8}") = "2.Application", "2.Application", "{ABD5D989-F6B8-47A1-94AC-3EC0DCFD0BBF}"
EndProject
Project("{2150E333-8FDC-42A3-9474-1A3956D46DE8}") = "3.Core", "3.Core", "{6483482E-F092-4B27-9889-1FE75C89D9C1}"
EndProject
Project("{2150E333-8FDC-42A3-9474-1A3956D46DE8}") = "4.Data", "4.Data", "{C9EBD8DE-C05F-4A73-9B8B-EF500D5F2084}"
EndProject
Project("{2150E333-8FDC-42A3-9474-1A3956D46DE8}") = "5.Crosscutting", "5.Crosscutting", "{4698D7A8-9C2D-463B-8D88-AC480E1E2B9D}"
EndProject
Project("{2150E333-8FDC-42A3-9474-1A3956D46DE8}") = "6.IoC", "6.IoC", "{754E6A49-DEB2-47CA-A72C-8DC36D4B1F82}"
EndProject
Project("{2150E333-8FDC-42A3-9474-1A3956D46DE8}") = "Definition", "Definition", "{33F96491-93BD-4003-A8DF-4273A83CA92D}"
EndProject
Project("{2150E333-8FDC-42A3-9474-1A3956D46DE8}") = "Implementation", "Implementation", "{8EABFAB8-66A0-4C13-B8F6-BCD21EFE44A5}"
EndProject
Project("{FAE04EC0-301F-11D3-BF4B-00C04F79EFBC}") = "Application.Definition", "Application.Definition\Application.Definition.csproj", "{26D4F4C9-BA80-4E11-A5A6-977AFC43DF24}"
EndProject
Project("{FAE04EC0-301F-11D3-BF4B-00C04F79EFBC}") = "Core.Entities", "Core.Entities\Core.Entities.csproj", "{79C9D355-DBF0-4633-BD8A-185EF6199BB3}"
EndProject
Project("{FAE04EC0-301F-11D3-BF4B-00C04F79EFBC}") = "Crosscutting.Util", "Crosscutting.Util\Crosscutting.Util.csproj", "{97BDF884-D26E-4891-95C5-27A571DF7EBE}"
EndProject
Project("{FAE04EC0-301F-11D3-BF4B-00C04F79EFBC}") = "Presentation.Console", "Presentation.Console\Presentation.Console.csproj", "{F0F264B9-AA76-4113-969E-8198E7D6C9BC}"
EndProject
Project("{2150E333-8FDC-42A3-9474-1A3956D46DE8}") = "Common", "Common", "{E35D8CF7-5464-4253-BE0F-218FD88C88AB}"
EndProject
Project("{2150E333-8FDC-42A3-9474-1A3956D46DE8}") = "Providers", "Providers", "{19739A97-A260-486D-BBF5-29ED2AA7EFAC}"
EndProject
Project("{FAE04EC0-301F-11D3-BF4B-00C04F79EFBC}") = "Crosscutting.DependencyInjectionFactory", "Crosscutting.DependencyInjectionFactory\Crosscutting.DependencyInjectionFactory.csproj", "{3F59D0F4-97F7-4B12-8CC4-9E3CBCDD6F67}"
EndProject
Project("{FAE04EC0-301F-11D3-BF4B-00C04F79EFBC}") = "Data.Common", "Data.Common\Data.Common.csproj", "{28B88CF9-3FA1-4DAA-8268-D53F65E4195D}"
EndProject
Global
	GlobalSection(SolutionConfigurationPlatforms) = preSolution
		Debug|Any CPU = Debug|Any CPU
		Release|Any CPU = Release|Any CPU
	EndGlobalSection
	GlobalSection(ProjectConfigurationPlatforms) = postSolution
		{B4F2F4EA-A668-4ECA-964F-DAA57FD0B0E2}.Debug|Any CPU.ActiveCfg = Debug|Any CPU
		{B4F2F4EA-A668-4ECA-964F-DAA57FD0B0E2}.Debug|Any CPU.Build.0 = Debug|Any CPU
		{B4F2F4EA-A668-4ECA-964F-DAA57FD0B0E2}.Release|Any CPU.ActiveCfg = Release|Any CPU
		{B4F2F4EA-A668-4ECA-964F-DAA57FD0B0E2}.Release|Any CPU.Build.0 = Release|Any CPU
		{26D4F4C9-BA80-4E11-A5A6-977AFC43DF24}.Debug|Any CPU.ActiveCfg = Debug|Any CPU
		{26D4F4C9-BA80-4E11-A5A6-977AFC43DF24}.Debug|Any CPU.Build.0 = Debug|Any CPU
		{26D4F4C9-BA80-4E11-A5A6-977AFC43DF24}.Release|Any CPU.ActiveCfg = Release|Any CPU
		{26D4F4C9-BA80-4E11-A5A6-977AFC43DF24}.Release|Any CPU.Build.0 = Release|Any CPU
		{79C9D355-DBF0-4633-BD8A-185EF6199BB3}.Debug|Any CPU.ActiveCfg = Debug|Any CPU
		{79C9D355-DBF0-4633-BD8A-185EF6199BB3}.Debug|Any CPU.Build.0 = Debug|Any CPU
		{79C9D355-DBF0-4633-BD8A-185EF6199BB3}.Release|Any CPU.ActiveCfg = Release|Any CPU
		{79C9D355-DBF0-4633-BD8A-185EF6199BB3}.Release|Any CPU.Build.0 = Release|Any CPU
		{97BDF884-D26E-4891-95C5-27A571DF7EBE}.Debug|Any CPU.ActiveCfg = Debug|Any CPU
		{97BDF884-D26E-4891-95C5-27A571DF7EBE}.Debug|Any CPU.Build.0 = Debug|Any CPU
		{97BDF884-D26E-4891-95C5-27A571DF7EBE}.Release|Any CPU.ActiveCfg = Release|Any CPU
		{97BDF884-D26E-4891-95C5-27A571DF7EBE}.Release|Any CPU.Build.0 = Release|Any CPU
		{F0F264B9-AA76-4113-969E-8198E7D6C9BC}.Debug|Any CPU.ActiveCfg = Debug|Any CPU
		{F0F264B9-AA76-4113-969E-8198E7D6C9BC}.Debug|Any CPU.Build.0 = Debug|Any CPU
		{F0F264B9-AA76-4113-969E-8198E7D6C9BC}.Release|Any CPU.ActiveCfg = Release|Any CPU
		{F0F264B9-AA76-4113-969E-8198E7D6C9BC}.Release|Any CPU.Build.0 = Release|Any CPU
		{3F59D0F4-97F7-4B12-8CC4-9E3CBCDD6F67}.Debug|Any CPU.ActiveCfg = Debug|Any CPU
		{3F59D0F4-97F7-4B12-8CC4-9E3CBCDD6F67}.Debug|Any CPU.Build.0 = Debug|Any CPU
		{3F59D0F4-97F7-4B12-8CC4-9E3CBCDD6F67}.Release|Any CPU.ActiveCfg = Release|Any CPU
		{3F59D0F4-97F7-4B12-8CC4-9E3CBCDD6F67}.Release|Any CPU.Build.0 = Release|Any CPU
		{28B88CF9-3FA1-4DAA-8268-D53F65E4195D}.Debug|Any CPU.ActiveCfg = Debug|Any CPU
		{28B88CF9-3FA1-4DAA-8268-D53F65E4195D}.Debug|Any CPU.Build.0 = Debug|Any CPU
		{28B88CF9-3FA1-4DAA-8268-D53F65E4195D}.Release|Any CPU.ActiveCfg = Release|Any CPU
		{28B88CF9-3FA1-4DAA-8268-D53F65E4195D}.Release|Any CPU.Build.0 = Release|Any CPU
	EndGlobalSection
	GlobalSection(SolutionProperties) = preSolution
		HideSolutionNode = FALSE
	EndGlobalSection
	GlobalSection(NestedProjects) = preSolution
		{B4F2F4EA-A668-4ECA-964F-DAA57FD0B0E2} = {8EABFAB8-66A0-4C13-B8F6-BCD21EFE44A5}
		{33F96491-93BD-4003-A8DF-4273A83CA92D} = {ABD5D989-F6B8-47A1-94AC-3EC0DCFD0BBF}
		{8EABFAB8-66A0-4C13-B8F6-BCD21EFE44A5} = {ABD5D989-F6B8-47A1-94AC-3EC0DCFD0BBF}
		{26D4F4C9-BA80-4E11-A5A6-977AFC43DF24} = {33F96491-93BD-4003-A8DF-4273A83CA92D}
		{79C9D355-DBF0-4633-BD8A-185EF6199BB3} = {6483482E-F092-4B27-9889-1FE75C89D9C1}
		{97BDF884-D26E-4891-95C5-27A571DF7EBE} = {4698D7A8-9C2D-463B-8D88-AC480E1E2B9D}
		{F0F264B9-AA76-4113-969E-8198E7D6C9BC} = {02EA681E-C7D8-13C7-8484-4AC65E1B71E8}
		{E35D8CF7-5464-4253-BE0F-218FD88C88AB} = {C9EBD8DE-C05F-4A73-9B8B-EF500D5F2084}
		{19739A97-A260-486D-BBF5-29ED2AA7EFAC} = {C9EBD8DE-C05F-4A73-9B8B-EF500D5F2084}
		{3F59D0F4-97F7-4B12-8CC4-9E3CBCDD6F67} = {754E6A49-DEB2-47CA-A72C-8DC36D4B1F82}
		{28B88CF9-3FA1-4DAA-8268-D53F65E4195D} = {E35D8CF7-5464-4253-BE0F-218FD88C88AB}
	EndGlobalSection
	GlobalSection(ExtensibilityGlobals) = postSolution
		SolutionGuid = {34C9572F-F9CE-4EB5-9F65-C7515029CC33}
	EndGlobalSection
EndGlobal
